
Microsoft Visual Studio Solution File, Format Version 12.00
# Visual Studio Version 17
VisualStudioVersion = 17.3.32901.215
MinimumVisualStudioVersion = 10.0.40219.1
Project("{FAE04EC0-301F-11D3-BF4B-00C04F79EFBC}") = "CSharpTasks", "CSharpTasks\CSharpTasks.csproj", "{1A794B1E-94C4-40C2-A34C-0A0EEB1C84B5}"
EndProject
Project("{FAE04EC0-301F-11D3-BF4B-00C04F79EFBC}") = "Filehandling", "Filehandling\Filehandling.csproj", "{910E8EC2-3ED9-4571-85F8-9742E29851FC}"
EndProject
Project("{FAE04EC0-301F-11D3-BF4B-00C04F79EFBC}") = "AquariumTask", "Aquarium\AquariumTask.csproj", "{C0A2C810-FAF7-4B2E-8A1F-DE8943AF4FE6}"
EndProject
Project("{FAE04EC0-301F-11D3-BF4B-00C04F79EFBC}") = "LINQTest", "LINQTest\LINQTest.csproj", "{53ACA96C-176D-4A0C-AD60-2B67B4E791F2}"
EndProject
Global
	GlobalSection(SolutionConfigurationPlatforms) = preSolution
		Debug|Any CPU = Debug|Any CPU
		Release|Any CPU = Release|Any CPU
	EndGlobalSection
	GlobalSection(ProjectConfigurationPlatforms) = postSolution
		{1A794B1E-94C4-40C2-A34C-0A0EEB1C84B5}.Debug|Any CPU.ActiveCfg = Debug|Any CPU
		{1A794B1E-94C4-40C2-A34C-0A0EEB1C84B5}.Debug|Any CPU.Build.0 = Debug|Any CPU
		{1A794B1E-94C4-40C2-A34C-0A0EEB1C84B5}.Release|Any CPU.ActiveCfg = Release|Any CPU
		{1A794B1E-94C4-40C2-A34C-0A0EEB1C84B5}.Release|Any CPU.Build.0 = Release|Any CPU
		{910E8EC2-3ED9-4571-85F8-9742E29851FC}.Debug|Any CPU.ActiveCfg = Debug|Any CPU
		{910E8EC2-3ED9-4571-85F8-9742E29851FC}.Debug|Any CPU.Build.0 = Debug|Any CPU
		{910E8EC2-3ED9-4571-85F8-9742E29851FC}.Release|Any CPU.ActiveCfg = Release|Any CPU
		{910E8EC2-3ED9-4571-85F8-9742E29851FC}.Release|Any CPU.Build.0 = Release|Any CPU
		{C0A2C810-FAF7-4B2E-8A1F-DE8943AF4FE6}.Debug|Any CPU.ActiveCfg = Debug|Any CPU
		{C0A2C810-FAF7-4B2E-8A1F-DE8943AF4FE6}.Debug|Any CPU.Build.0 = Debug|Any CPU
		{C0A2C810-FAF7-4B2E-8A1F-DE8943AF4FE6}.Release|Any CPU.ActiveCfg = Release|Any CPU
		{C0A2C810-FAF7-4B2E-8A1F-DE8943AF4FE6}.Release|Any CPU.Build.0 = Release|Any CPU
		{53ACA96C-176D-4A0C-AD60-2B67B4E791F2}.Debug|Any CPU.ActiveCfg = Debug|Any CPU
		{53ACA96C-176D-4A0C-AD60-2B67B4E791F2}.Debug|Any CPU.Build.0 = Debug|Any CPU
		{53ACA96C-176D-4A0C-AD60-2B67B4E791F2}.Release|Any CPU.ActiveCfg = Release|Any CPU
		{53ACA96C-176D-4A0C-AD60-2B67B4E791F2}.Release|Any CPU.Build.0 = Release|Any CPU
	EndGlobalSection
	GlobalSection(SolutionProperties) = preSolution
		HideSolutionNode = FALSE
	EndGlobalSection
	GlobalSection(ExtensibilityGlobals) = postSolution
		SolutionGuid = {A884CB84-EE75-47E6-8D8D-9EE613CD77FC}
	EndGlobalSection
EndGlobal
